{
  "requires": true,
  "lockfileVersion": 1,
  "dependencies": {
    "itypeof": {
      "version": "1.1.2",
      "resolved": "https://registry.npmjs.org/itypeof/-/itypeof-1.1.2.tgz",
      "integrity": "sha1-b7ImOdx4pBT1lLPVU6XywkiP0CI="
    },
    "react-native-facebook-login": {
      "version": "1.6.1",
      "resolved": "https://registry.npmjs.org/react-native-facebook-login/-/react-native-facebook-login-1.6.1.tgz",
      "integrity": "sha512-1jRIxUy9FLEPXA/czhhhL0nOgaT/cq7s9STUXUaNfTq23j5wOiC3LrvBSRGXSqQjisnmxwr1/vxAMVNy7oKm+Q==",
      "requires": {
        "itypeof": "1.1.2"
      }
    }
  }
}
